Microsoft Visual Studio Solution File, Format Version 12.00
# Visual Studio Version 17
VisualStudioVersion = 17.5.2.0
MinimumVisualStudioVersion = 10.0.40219.1
Project("{FAE04EC0-301F-11D3-BF4B-00C04F79EFBC}") = "mauitest-api", "mauitest-api\mauitest-api.csproj", "{0E876270-B3CD-5C44-B700-DDC21B6B9EBD}"
EndProject
Global
	GlobalSection(SolutionConfigurationPlatforms) = preSolution
		Debug|Any CPU = Debug|Any CPU
		Release|Any CPU = Release|Any CPU
	EndGlobalSection
	GlobalSection(ProjectConfigurationPlatforms) = postSolution
		{0E876270-B3CD-5C44-B700-DDC21B6B9EBD}.Debug|Any CPU.ActiveCfg = Debug|Any CPU
		{0E876270-B3CD-5C44-B700-DDC21B6B9EBD}.Debug|Any CPU.Build.0 = Debug|Any CPU
		{0E876270-B3CD-5C44-B700-DDC21B6B9EBD}.Release|Any CPU.ActiveCfg = Release|Any CPU
		{0E876270-B3CD-5C44-B700-DDC21B6B9EBD}.Release|Any CPU.Build.0 = Release|Any CPU
	EndGlobalSection
	GlobalSection(SolutionProperties) = preSolution
		HideSolutionNode = FALSE
	EndGlobalSection
	GlobalSection(ExtensibilityGlobals) = postSolution
		SolutionGuid = {5FD0F481-CDBE-4D6F-A5F7-FA9FA73358F4}
	EndGlobalSection
EndGlobal
